
Microsoft Visual Studio Solution File, Format Version 12.00
# Visual Studio 2013
Project("{FAE04EC0-301F-11D3-BF4B-00C04F79EFBC}") = "hX.CSharp.Plugins", "hX.CSharp.Plugins.csproj", "{7F2B6C9C-5345-93F7-0C34-F31A1D361225}"
EndProject
Project("{FAE04EC0-301F-11D3-BF4B-00C04F79EFBC}") = "hX.CSharp", "hX.CSharp.csproj", "{BB84FA10-2829-ED1E-0D13-0CCD922DC84A}"
EndProject
Project("{FAE04EC0-301F-11D3-BF4B-00C04F79EFBC}") = "hX.CSharp.Editor", "hX.CSharp.Editor.csproj", "{F07BB0FA-F05C-9682-17DC-B7EC0633B7B9}"
EndProject
Global
	GlobalSection(SolutionConfigurationPlatforms) = preSolution
		Debug|Any CPU = Debug|Any CPU
		Release|Any CPU = Release|Any CPU
	EndGlobalSection
	GlobalSection(ProjectConfigurationPlatforms) = postSolution
		{7F2B6C9C-5345-93F7-0C34-F31A1D361225}.Debug|Any CPU.ActiveCfg = Debug|Any CPU
		{7F2B6C9C-5345-93F7-0C34-F31A1D361225}.Debug|Any CPU.Build.0 = Debug|Any CPU
		{7F2B6C9C-5345-93F7-0C34-F31A1D361225}.Release|Any CPU.ActiveCfg = Release|Any CPU
		{7F2B6C9C-5345-93F7-0C34-F31A1D361225}.Release|Any CPU.Build.0 = Release|Any CPU
		{BB84FA10-2829-ED1E-0D13-0CCD922DC84A}.Debug|Any CPU.ActiveCfg = Debug|Any CPU
		{BB84FA10-2829-ED1E-0D13-0CCD922DC84A}.Debug|Any CPU.Build.0 = Debug|Any CPU
		{BB84FA10-2829-ED1E-0D13-0CCD922DC84A}.Release|Any CPU.ActiveCfg = Release|Any CPU
		{BB84FA10-2829-ED1E-0D13-0CCD922DC84A}.Release|Any CPU.Build.0 = Release|Any CPU
		{F07BB0FA-F05C-9682-17DC-B7EC0633B7B9}.Debug|Any CPU.ActiveCfg = Debug|Any CPU
		{F07BB0FA-F05C-9682-17DC-B7EC0633B7B9}.Debug|Any CPU.Build.0 = Debug|Any CPU
		{F07BB0FA-F05C-9682-17DC-B7EC0633B7B9}.Release|Any CPU.ActiveCfg = Release|Any CPU
		{F07BB0FA-F05C-9682-17DC-B7EC0633B7B9}.Release|Any CPU.Build.0 = Release|Any CPU
	EndGlobalSection
	GlobalSection(SolutionProperties) = preSolution
		HideSolutionNode = FALSE
	EndGlobalSection
EndGlobal
